
Microsoft Visual Studio Solution File, Format Version 12.00
# Visual Studio Version 17
VisualStudioVersion = 17.3.32929.385
MinimumVisualStudioVersion = 10.0.40219.1
Project("{FAE04EC0-301F-11D3-BF4B-00C04F79EFBC}") = "PrimeiroProjeto", "PrimeiroProjeto\PrimeiroProjeto.csproj", "{4463B491-5C64-4D89-9F99-8FA5535074BF}"
EndProject
Global
	GlobalSection(SolutionConfigurationPlatforms) = preSolution
		Debug|Any CPU = Debug|Any CPU
		Release|Any CPU = Release|Any CPU
	EndGlobalSection
	GlobalSection(ProjectConfigurationPlatforms) = postSolution
		{4463B491-5C64-4D89-9F99-8FA5535074BF}.Debug|Any CPU.ActiveCfg = Debug|Any CPU
		{4463B491-5C64-4D89-9F99-8FA5535074BF}.Debug|Any CPU.Build.0 = Debug|Any CPU
		{4463B491-5C64-4D89-9F99-8FA5535074BF}.Release|Any CPU.ActiveCfg = Release|Any CPU
		{4463B491-5C64-4D89-9F99-8FA5535074BF}.Release|Any CPU.Build.0 = Release|Any CPU
	EndGlobalSection
	GlobalSection(SolutionProperties) = preSolution
		HideSolutionNode = FALSE
	EndGlobalSection
	GlobalSection(ExtensibilityGlobals) = postSolution
		SolutionGuid = {D91B38B1-C732-4EB4-9C1B-F25B2EA2B786}
	EndGlobalSection
EndGlobal
